
Microsoft Visual Studio Solution File, Format Version 12.00
# Visual Studio Version 17
VisualStudioVersion = 17.13.35825.156
MinimumVisualStudioVersion = 10.0.40219.1
Project("{FAE04EC0-301F-11D3-BF4B-00C04F79EFBC}") = "ProductManager", "ProductManager.csproj", "{BE38962A-3B18-4B33-BF7B-099D63BCB199}"
EndProject
Project("{E24C65DC-7377-472B-9ABA-BC803B73C61A}") = "ProductManagerFrontend", "..\ProductManagerFrontend\", "{57C9B1D2-4872-FEE8-E393-2F9723EB4205}"
	ProjectSection(WebsiteProperties) = preProject
		TargetFrameworkMoniker = ".NETFramework,Version%3Dv4.8"
		Debug.AspNetCompiler.VirtualPath = "/localhost_65319"
		Debug.AspNetCompiler.PhysicalPath = "..\ProductManagerFrontend\"
		Debug.AspNetCompiler.TargetPath = "PrecompiledWeb\localhost_65319\"
		Debug.AspNetCompiler.Updateable = "true"
		Debug.AspNetCompiler.ForceOverwrite = "true"
		Debug.AspNetCompiler.FixedNames = "false"
		Debug.AspNetCompiler.Debug = "True"
		Release.AspNetCompiler.VirtualPath = "/localhost_65319"
		Release.AspNetCompiler.PhysicalPath = "..\ProductManagerFrontend\"
		Release.AspNetCompiler.TargetPath = "PrecompiledWeb\localhost_65319\"
		Release.AspNetCompiler.Updateable = "true"
		Release.AspNetCompiler.ForceOverwrite = "true"
		Release.AspNetCompiler.FixedNames = "false"
		Release.AspNetCompiler.Debug = "False"
		VWDPort = "65319"
		SlnRelativePath = "..\ProductManagerFrontend\"
	EndProjectSection
EndProject
Global
	GlobalSection(SolutionConfigurationPlatforms) = preSolution
		Debug|Any CPU = Debug|Any CPU
		Release|Any CPU = Release|Any CPU
	EndGlobalSection
	GlobalSection(ProjectConfigurationPlatforms) = postSolution
		{BE38962A-3B18-4B33-BF7B-099D63BCB199}.Debug|Any CPU.ActiveCfg = Debug|Any CPU
		{BE38962A-3B18-4B33-BF7B-099D63BCB199}.Debug|Any CPU.Build.0 = Debug|Any CPU
		{BE38962A-3B18-4B33-BF7B-099D63BCB199}.Release|Any CPU.ActiveCfg = Release|Any CPU
		{BE38962A-3B18-4B33-BF7B-099D63BCB199}.Release|Any CPU.Build.0 = Release|Any CPU
		{57C9B1D2-4872-FEE8-E393-2F9723EB4205}.Debug|Any CPU.ActiveCfg = Debug|Any CPU
		{57C9B1D2-4872-FEE8-E393-2F9723EB4205}.Debug|Any CPU.Build.0 = Debug|Any CPU
		{57C9B1D2-4872-FEE8-E393-2F9723EB4205}.Release|Any CPU.ActiveCfg = Debug|Any CPU
		{57C9B1D2-4872-FEE8-E393-2F9723EB4205}.Release|Any CPU.Build.0 = Debug|Any CPU
	EndGlobalSection
	GlobalSection(SolutionProperties) = preSolution
		HideSolutionNode = FALSE
	EndGlobalSection
	GlobalSection(ExtensibilityGlobals) = postSolution
		SolutionGuid = {C1326429-0E06-44FE-98EA-AA3288ED4FB3}
	EndGlobalSection
EndGlobal
